{
  "name": "@cheatcode/sandbox-app-generators",
  "version": "0.0.0",
  "lockfileVersion": 3,
  "requires": true,
  "packages": {
    "": {
      "name": "@cheatcode/sandbox-app-generators",
      "version": "0.0.0",
      "dependencies": {
        "create-next-app": "16.2.11"
      },
      "engines": {
        "node": "24.18.0"
      }
    },
    "node_modules/create-next-app": {
      "version": "16.2.11",
      "resolved": "https://registry.npmjs.org/create-next-app/-/create-next-app-16.2.11.tgz",
      "integrity": "sha512-HNqxzvt83W6f1EXVDqbtVwiTDHfXyf70tqVQ120M854RDPj/TyLpvAPX6C1rK3jbKyQ8hF77xa7vfE2/ZW3F3w==",
      "license": "MIT",
      "bin": {
        "create-next-app": "dist/index.js"
      },
      "engines": {
        "node": ">=20.9.0"
      }
    }
  }
}
